
Microsoft Visual Studio Solution File, Format Version 12.00
# Visual Studio 14
VisualStudioVersion = 14.0.24720.0
MinimumVisualStudioVersion = 10.0.40219.1
Project("{FAE04EC0-301F-11D3-BF4B-00C04F79EFBC}") = "DjCollab.Api", "DjCollab.Api\DjCollab.Api.csproj", "{499BAF33-0714-4F25-8952-9D8EC4122CA7}"
EndProject
Project("{FAE04EC0-301F-11D3-BF4B-00C04F79EFBC}") = "DjCollab.Party", "DjCollab.Party\DjCollab.Party.csproj", "{23A52366-112B-4839-A878-7E46493DF972}"
EndProject
Project("{FAE04EC0-301F-11D3-BF4B-00C04F79EFBC}") = "DataAccess", "DataAccess\DataAccess.csproj", "{8B598C23-61F7-4427-A7D2-5489040618FC}"
EndProject
Project("{FAE04EC0-301F-11D3-BF4B-00C04F79EFBC}") = "DjCollab.Party.Tests", "DjCollab.Party.Tests\DjCollab.Party.Tests.csproj", "{5BDB49A4-CAB8-4533-BDE0-CD982E71E597}"
EndProject
Project("{FAE04EC0-301F-11D3-BF4B-00C04F79EFBC}") = "DjCollab.Host", "DjCollab.Host\DjCollab.Host.csproj", "{BE32B07A-9D78-49BF-992D-FD8D05276CAA}"
EndProject
Project("{FAE04EC0-301F-11D3-BF4B-00C04F79EFBC}") = "DJCollab", "DJCollab\DJCollab.csproj", "{31B24028-6AC7-406D-A013-C16F0754E29A}"
EndProject
Global
	GlobalSection(SolutionConfigurationPlatforms) = preSolution
		Debug|Any CPU = Debug|Any CPU
		Release|Any CPU = Release|Any CPU
	EndGlobalSection
	GlobalSection(ProjectConfigurationPlatforms) = postSolution
		{499BAF33-0714-4F25-8952-9D8EC4122CA7}.Debug|Any CPU.ActiveCfg = Debug|Any CPU
		{499BAF33-0714-4F25-8952-9D8EC4122CA7}.Debug|Any CPU.Build.0 = Debug|Any CPU
		{499BAF33-0714-4F25-8952-9D8EC4122CA7}.Release|Any CPU.ActiveCfg = Release|Any CPU
		{499BAF33-0714-4F25-8952-9D8EC4122CA7}.Release|Any CPU.Build.0 = Release|Any CPU
		{23A52366-112B-4839-A878-7E46493DF972}.Debug|Any CPU.ActiveCfg = Debug|Any CPU
		{23A52366-112B-4839-A878-7E46493DF972}.Debug|Any CPU.Build.0 = Debug|Any CPU
		{23A52366-112B-4839-A878-7E46493DF972}.Release|Any CPU.ActiveCfg = Release|Any CPU
		{23A52366-112B-4839-A878-7E46493DF972}.Release|Any CPU.Build.0 = Release|Any CPU
		{8B598C23-61F7-4427-A7D2-5489040618FC}.Debug|Any CPU.ActiveCfg = Debug|Any CPU
		{8B598C23-61F7-4427-A7D2-5489040618FC}.Debug|Any CPU.Build.0 = Debug|Any CPU
		{8B598C23-61F7-4427-A7D2-5489040618FC}.Release|Any CPU.ActiveCfg = Release|Any CPU
		{8B598C23-61F7-4427-A7D2-5489040618FC}.Release|Any CPU.Build.0 = Release|Any CPU
		{5BDB49A4-CAB8-4533-BDE0-CD982E71E597}.Debug|Any CPU.ActiveCfg = Debug|Any CPU
		{5BDB49A4-CAB8-4533-BDE0-CD982E71E597}.Debug|Any CPU.Build.0 = Debug|Any CPU
		{5BDB49A4-CAB8-4533-BDE0-CD982E71E597}.Release|Any CPU.ActiveCfg = Release|Any CPU
		{5BDB49A4-CAB8-4533-BDE0-CD982E71E597}.Release|Any CPU.Build.0 = Release|Any CPU
		{BE32B07A-9D78-49BF-992D-FD8D05276CAA}.Debug|Any CPU.ActiveCfg = Debug|Any CPU
		{BE32B07A-9D78-49BF-992D-FD8D05276CAA}.Debug|Any CPU.Build.0 = Debug|Any CPU
		{BE32B07A-9D78-49BF-992D-FD8D05276CAA}.Release|Any CPU.ActiveCfg = Release|Any CPU
		{BE32B07A-9D78-49BF-992D-FD8D05276CAA}.Release|Any CPU.Build.0 = Release|Any CPU
		{31B24028-6AC7-406D-A013-C16F0754E29A}.Debug|Any CPU.ActiveCfg = Debug|Any CPU
		{31B24028-6AC7-406D-A013-C16F0754E29A}.Debug|Any CPU.Build.0 = Debug|Any CPU
		{31B24028-6AC7-406D-A013-C16F0754E29A}.Release|Any CPU.ActiveCfg = Release|Any CPU
		{31B24028-6AC7-406D-A013-C16F0754E29A}.Release|Any CPU.Build.0 = Release|Any CPU
	EndGlobalSection
	GlobalSection(SolutionProperties) = preSolution
		HideSolutionNode = FALSE
	EndGlobalSection
EndGlobal
